
Microsoft Visual Studio Solution File, Format Version 12.00
# Visual Studio Version 16
VisualStudioVersion = 16.0.31911.196
MinimumVisualStudioVersion = 10.0.40219.1
Project("{FAE04EC0-301F-11D3-BF4B-00C04F79EFBC}") = "16 json", "16 json\16 json.csproj", "{801F4548-4BFF-4203-8C4B-D868CF212EEE}"
EndProject
Project("{FAE04EC0-301F-11D3-BF4B-00C04F79EFBC}") = "16 json read", "16 json read\16 json read.csproj", "{8B026EE6-3DCF-48A9-A316-939DBA6C8EDD}"
EndProject
Global
	GlobalSection(SolutionConfigurationPlatforms) = preSolution
		Debug|Any CPU = Debug|Any CPU
		Release|Any CPU = Release|Any CPU
	EndGlobalSection
	GlobalSection(ProjectConfigurationPlatforms) = postSolution
		{801F4548-4BFF-4203-8C4B-D868CF212EEE}.Debug|Any CPU.ActiveCfg = Debug|Any CPU
		{801F4548-4BFF-4203-8C4B-D868CF212EEE}.Debug|Any CPU.Build.0 = Debug|Any CPU
		{801F4548-4BFF-4203-8C4B-D868CF212EEE}.Release|Any CPU.ActiveCfg = Release|Any CPU
		{801F4548-4BFF-4203-8C4B-D868CF212EEE}.Release|Any CPU.Build.0 = Release|Any CPU
		{8B026EE6-3DCF-48A9-A316-939DBA6C8EDD}.Debug|Any CPU.ActiveCfg = Debug|Any CPU
		{8B026EE6-3DCF-48A9-A316-939DBA6C8EDD}.Debug|Any CPU.Build.0 = Debug|Any CPU
		{8B026EE6-3DCF-48A9-A316-939DBA6C8EDD}.Release|Any CPU.ActiveCfg = Release|Any CPU
		{8B026EE6-3DCF-48A9-A316-939DBA6C8EDD}.Release|Any CPU.Build.0 = Release|Any CPU
	EndGlobalSection
	GlobalSection(SolutionProperties) = preSolution
		HideSolutionNode = FALSE
	EndGlobalSection
	GlobalSection(ExtensibilityGlobals) = postSolution
		SolutionGuid = {1E171F13-51B8-442B-AD54-A8378F7F6C74}
	EndGlobalSection
EndGlobal
